// !$*UTF8*$!
{
	archiveVersion = 1;
	classes = {
	};
	objectVersion = 46;
	objects = {

/* Begin PBXBuildFile section */
		6F09B328213E730C00DABF82 /* CoreSpotlight.framework in Frameworks */ = {isa = PBXBuildFile; fileRef = 6F09B327213E730C00DABF82 /* CoreSpotlight.framework */; };
		6F0B99F420907F9700EF8E53 /* HDAlgorithmViewController.swift in Sources */ = {isa = PBXBuildFile; fileRef = 6F0B99F320907F9700EF8E53 /* HDAlgorithmViewController.swift */; };
		6F19C1CD213FA92B002C8762 /* HDLeetCodeViewController.swift in Sources */ = {isa = PBXBuildFile; fileRef = 6F19C1CC213FA92B002C8762 /* HDLeetCodeViewController.swift */; };
		6F32E1FB20FDC2B70028D21A /* HDBaseTestViewController.swift in Sources */ = {isa = PBXBuildFile; fileRef = 6F32E1FA20FDC2B70028D21A /* HDBaseTestViewController.swift */; };
		6F4AE2DD2111C19A000A537A /* HDRxTestViewController.swift in Sources */ = {isa = PBXBuildFile; fileRef = 6F4AE2DC2111C19A000A537A /* HDRxTestViewController.swift */; };
		6F79D9142126762900D5194C /* HDWYViewController.swift in Sources */ = {isa = PBXBuildFile; fileRef = 6F79D9132126762800D5194C /* HDWYViewController.swift */; };
		6F88FB701F3D3D3000600C87 /* CALayerStudy.swift in Sources */ = {isa = PBXBuildFile; fileRef = 6F88FB6F1F3D3D3000600C87 /* CALayerStudy.swift */; };
		6FB8CA3B213011E900115933 /* HDWYSegmentViewController.swift in Sources */ = {isa = PBXBuildFile; fileRef = 6FB8CA3A213011E900115933 /* HDWYSegmentViewController.swift */; };
		6FBF77191F39938800EF1EC2 /* AppDelegate.swift in Sources */ = {isa = PBXBuildFile; fileRef = 6FBF77181F39938800EF1EC2 /* AppDelegate.swift */; };
		6FBF771B1F39938800EF1EC2 /* ViewController.swift in Sources */ = {isa = PBXBuildFile; fileRef = 6FBF771A1F39938800EF1EC2 /* ViewController.swift */; };
		6FBF771E1F39938800EF1EC2 /* Main.storyboard in Resources */ = {isa = PBXBuildFile; fileRef = 6FBF771C1F39938800EF1EC2 /* Main.storyboard */; };
		6FBF77201F39938800EF1EC2 /* Assets.xcassets in Resources */ = {isa = PBXBuildFile; fileRef = 6FBF771F1F39938800EF1EC2 /* Assets.xcassets */; };
		6FBF77231F39938800EF1EC2 /* LaunchScreen.storyboard in Resources */ = {isa = PBXBuildFile; fileRef = 6FBF77211F39938800EF1EC2 /* LaunchScreen.storyboard */; };
		6FBF772E1F39938800EF1EC2 /* QYSwiftTestTests.swift in Sources */ = {isa = PBXBuildFile; fileRef = 6FBF772D1F39938800EF1EC2 /* QYSwiftTestTests.swift */; };
		6FBF77391F39938800EF1EC2 /* QYSwiftTestUITests.swift in Sources */ = {isa = PBXBuildFile; fileRef = 6FBF77381F39938800EF1EC2 /* QYSwiftTestUITests.swift */; };
		F4B4AB9452F941AE9FA082A6 /* Pods_QYSwiftTest.framework in Frameworks */ = {isa = PBXBuildFile; fileRef = 023A54479794D12B40D142E3 /* Pods_QYSwiftTest.framework */; };
/* End PBXBuildFile section */

/* Begin PBXContainerItemProxy section */
		6FBF772A1F39938800EF1EC2 /* PBXContainerItemProxy */ = {
			isa = PBXContainerItemProxy;
			containerPortal = 6FBF770D1F39938800EF1EC2 /* Project object */;
			proxyType = 1;
			remoteGlobalIDString = 6FBF77141F39938800EF1EC2;
			remoteInfo = QYSwiftTest;
		};
		6FBF77351F39938800EF1EC2 /* PBXContainerItemProxy */ = {
			isa = PBXContainerItemProxy;
			containerPortal = 6FBF770D1F39938800EF1EC2 /* Project object */;
			proxyType = 1;
			remoteGlobalIDString = 6FBF77141F39938800EF1EC2;
			remoteInfo = QYSwiftTest;
		};
/* End PBXContainerItemProxy section */

/* Begin PBXFileReference section */
		023A54479794D12B40D142E3 /* Pods_QYSwiftTest.framework */ = {isa = PBXFileReference; explicitFileType = wrapper.framework; includeInIndex = 0; path = Pods_QYSwiftTest.framework; sourceTree = BUILT_PRODUCTS_DIR; };
		6F09B327213E730C00DABF82 /* CoreSpotlight.framework */ = {isa = PBXFileReference; lastKnownFileType = wrapper.framework; name = CoreSpotlight.framework; path = System/Library/Frameworks/CoreSpotlight.framework; sourceTree = SDKROOT; };
		6F0B99F320907F9700EF8E53 /* HDAlgorithmViewController.swift */ = {isa = PBXFileReference; lastKnownFileType = sourcecode.swift; path = HDAlgorithmViewController.swift; sourceTree = "<group>"; };
		6F19C1CC213FA92B002C8762 /* HDLeetCodeViewController.swift */ = {isa = PBXFileReference; lastKnownFileType = sourcecode.swift; path = HDLeetCodeViewController.swift; sourceTree = "<group>"; };
		6F32E1FA20FDC2B70028D21A /* HDBaseTestViewController.swift */ = {isa = PBXFileReference; lastKnownFileType = sourcecode.swift; path = HDBaseTestViewController.swift; sourceTree = "<group>"; };
		6F4AE2DC2111C19A000A537A /* HDRxTestViewController.swift */ = {isa = PBXFileReference; lastKnownFileType = sourcecode.swift; path = HDRxTestViewController.swift; sourceTree = "<group>"; };
		6F79D9132126762800D5194C /* HDWYViewController.swift */ = {isa = PBXFileReference; lastKnownFileType = sourcecode.swift; path = HDWYViewController.swift; sourceTree = "<group>"; };
		6F88FB6F1F3D3D3000600C87 /* CALayerStudy.swift */ = {isa = PBXFileReference; fileEncoding = 4; lastKnownFileType = sourcecode.swift; path = CALayerStudy.swift; sourceTree = "<group>"; };
		6FB8CA3A213011E900115933 /* HDWYSegmentViewController.swift */ = {isa = PBXFileReference; lastKnownFileType = sourcecode.swift; path = HDWYSegmentViewController.swift; sourceTree = "<group>"; };
		6FBF77151F39938800EF1EC2 /* QYSwiftTest.app */ = {isa = PBXFileReference; explicitFileType = wrapper.application; includeInIndex = 0; path = QYSwiftTest.app; sourceTree = BUILT_PRODUCTS_DIR; };
		6FBF77181F39938800EF1EC2 /* AppDelegate.swift */ = {isa = PBXFileReference; lastKnownFileType = sourcecode.swift; path = AppDelegate.swift; sourceTree = "<group>"; };
		6FBF771A1F39938800EF1EC2 /* ViewController.swift */ = {isa = PBXFileReference; lastKnownFileType = sourcecode.swift; path = ViewController.swift; sourceTree = "<group>"; };
		6FBF771D1F39938800EF1EC2 /* Base */ = {isa = PBXFileReference; lastKnownFileType = file.storyboard; name = Base; path = Base.lproj/Main.storyboard; sourceTree = "<group>"; };
		6FBF771F1F39938800EF1EC2 /* Assets.xcassets */ = {isa = PBXFileReference; lastKnownFileType = folder.assetcatalog; path = Assets.xcassets; sourceTree = "<group>"; };
		6FBF77221F39938800EF1EC2 /* Base */ = {isa = PBXFileReference; lastKnownFileType = file.storyboard; name = Base; path = Base.lproj/LaunchScreen.storyboard; sourceTree = "<group>"; };
		6FBF77241F39938800EF1EC2 /* Info.plist */ = {isa = PBXFileReference; lastKnownFileType = text.plist.xml; path = Info.plist; sourceTree = "<group>"; };
		6FBF77291F39938800EF1EC2 /* QYSwiftTestTests.xctest */ = {isa = PBXFileReference; explicitFileType = wrapper.cfbundle; includeInIndex = 0; path = QYSwiftTestTests.xctest; sourceTree = BUILT_PRODUCTS_DIR; };
		6FBF772D1F39938800EF1EC2 /* QYSwiftTestTests.swift */ = {isa = PBXFileReference; lastKnownFileType = sourcecode.swift; path = QYSwiftTestTests.swift; sourceTree = "<group>"; };
		6FBF772F1F39938800EF1EC2 /* Info.plist */ = {isa = PBXFileReference; lastKnownFileType = text.plist.xml; path = Info.plist; sourceTree = "<group>"; };
		6FBF77341F39938800EF1EC2 /* QYSwiftTestUITests.xctest */ = {isa = PBXFileReference; explicitFileType = wrapper.cfbundle; includeInIndex = 0; path = QYSwiftTestUITests.xctest; sourceTree = BUILT_PRODUCTS_DIR; };
		6FBF77381F39938800EF1EC2 /* QYSwiftTestUITests.swift */ = {isa = PBXFileReference; lastKnownFileType = sourcecode.swift; path = QYSwiftTestUITests.swift; sourceTree = "<group>"; };
		6FBF773A1F39938800EF1EC2 /* Info.plist */ = {isa = PBXFileReference; lastKnownFileType = text.plist.xml; path = Info.plist; sourceTree = "<group>"; };
		98B1BDF714DDFAB1B3FF1BE8 /* Pods-QYSwiftTest.release.xcconfig */ = {isa = PBXFileReference; includeInIndex = 1; lastKnownFileType = text.xcconfig; name = "Pods-QYSwiftTest.release.xcconfig"; path = "Pods/Target Support Files/Pods-QYSwiftTest/Pods-QYSwiftTest.release.xcconfig"; sourceTree = "<group>"; };
		FC403126C1C618E612D71064 /* Pods-QYSwiftTest.debug.xcconfig */ = {isa = PBXFileReference; includeInIndex = 1; lastKnownFileType = text.xcconfig; name = "Pods-QYSwiftTest.debug.xcconfig"; path = "Pods/Target Support Files/Pods-QYSwiftTest/Pods-QYSwiftTest.debug.xcconfig"; sourceTree = "<group>"; };
/* End PBXFileReference section */

/* Begin PBXFrameworksBuildPhase section */
		6FBF77121F39938800EF1EC2 /* Frameworks */ = {
			isa = PBXFrameworksBuildPhase;
			buildActionMask = 2147483647;
			files = (
				6F09B328213E730C00DABF82 /* CoreSpotlight.framework in Frameworks */,
				F4B4AB9452F941AE9FA082A6 /* Pods_QYSwiftTest.framework in Frameworks */,
			);
			runOnlyForDeploymentPostprocessing = 0;
		};
		6FBF77261F39938800EF1EC2 /* Frameworks */ = {
			isa = PBXFrameworksBuildPhase;
			buildActionMask = 2147483647;
			files = (
			);
			runOnlyForDeploymentPostprocessing = 0;
		};
		6FBF77311F39938800EF1EC2 /* Frameworks */ = {
			isa = PBXFrameworksBuildPhase;
			buildActionMask = 2147483647;
			files = (
			);
			runOnlyForDeploymentPostprocessing = 0;
		};
/* End PBXFrameworksBuildPhase section */

/* Begin PBXGroup section */
		6F32E1F920FDC2980028D21A /* baseTest(日常练习) */ = {
			isa = PBXGroup;
			children = (
				6F32E1FA20FDC2B70028D21A /* HDBaseTestViewController.swift */,
			);
			path = "baseTest(日常练习)";
			sourceTree = "<group>";
		};
		6F726A4C214B68740043166D /* RXSwift  */ = {
			isa = PBXGroup;
			children = (
				6F4AE2DC2111C19A000A537A /* HDRxTestViewController.swift */,
			);
			path = "RXSwift ";
			sourceTree = "<group>";
		};
		6F726A4D214B69310043166D /* LeetCode练习 */ = {
			isa = PBXGroup;
			children = (
				6F79B8C62151DA5F00BC4F71 /* 初级算法篇 */,
			);
			path = "LeetCode练习";
			sourceTree = "<group>";
		};
		6F79B8C62151DA5F00BC4F71 /* 初级算法篇 */ = {
			isa = PBXGroup;
			children = (
				6F19C1CC213FA92B002C8762 /* HDLeetCodeViewController.swift */,
			);
			path = "初级算法篇";
			sourceTree = "<group>";
		};
		6FB8CA39213011B200115933 /* 选择控制器 */ = {
			isa = PBXGroup;
			children = (
				6F79D9132126762800D5194C /* HDWYViewController.swift */,
				6FB8CA3A213011E900115933 /* HDWYSegmentViewController.swift */,
			);
			path = "选择控制器";
			sourceTree = "<group>";
		};
		6FBF770C1F39938800EF1EC2 = {
			isa = PBXGroup;
			children = (
				6FBF77171F39938800EF1EC2 /* QYSwiftTest */,
				6FBF772C1F39938800EF1EC2 /* QYSwiftTestTests */,
				6FBF77371F39938800EF1EC2 /* QYSwiftTestUITests */,
				6FBF77161F39938800EF1EC2 /* Products */,
				E0B43B210820BE924A3F1488 /* Pods */,
				E59EF2E3C8AC217D1BC2722A /* Frameworks */,
			);
			sourceTree = "<group>";
		};
		6FBF77161F39938800EF1EC2 /* Products */ = {
			isa = PBXGroup;
			children = (
				6FBF77151F39938800EF1EC2 /* QYSwiftTest.app */,
				6FBF77291F39938800EF1EC2 /* QYSwiftTestTests.xctest */,
				6FBF77341F39938800EF1EC2 /* QYSwiftTestUITests.xctest */,
			);
			name = Products;
			sourceTree = "<group>";
		};
		6FBF77171F39938800EF1EC2 /* QYSwiftTest */ = {
			isa = PBXGroup;
			children = (
				6F726A4D214B69310043166D /* LeetCode练习 */,
				6FB8CA39213011B200115933 /* 选择控制器 */,
				6F726A4C214B68740043166D /* RXSwift  */,
				6F32E1F920FDC2980028D21A /* baseTest(日常练习) */,
				6FBF77181F39938800EF1EC2 /* AppDelegate.swift */,
				6FBF771A1F39938800EF1EC2 /* ViewController.swift */,
				6F88FB6F1F3D3D3000600C87 /* CALayerStudy.swift */,
				6F0B99F320907F9700EF8E53 /* HDAlgorithmViewController.swift */,
				6FBF771C1F39938800EF1EC2 /* Main.storyboard */,
				6FBF771F1F39938800EF1EC2 /* Assets.xcassets */,
				6FBF77211F39938800EF1EC2 /* LaunchScreen.storyboard */,
				6FBF77241F39938800EF1EC2 /* Info.plist */,
			);
			path = QYSwiftTest;
			sourceTree = "<group>";
		};
		6FBF772C1F39938800EF1EC2 /* QYSwiftTestTests */ = {
			isa = PBXGroup;
			children = (
				6FBF772D1F39938800EF1EC2 /* QYSwiftTestTests.swift */,
				6FBF772F1F39938800EF1EC2 /* Info.plist */,
			);
			path = QYSwiftTestTests;
			sourceTree = "<group>";
		};
		6FBF77371F39938800EF1EC2 /* QYSwiftTestUITests */ = {
			isa = PBXGroup;
			children = (
				6FBF77381F39938800EF1EC2 /* QYSwiftTestUITests.swift */,
				6FBF773A1F39938800EF1EC2 /* Info.plist */,
			);
			path = QYSwiftTestUITests;
			sourceTree = "<group>";
		};
		E0B43B210820BE924A3F1488 /* Pods */ = {
			isa = PBXGroup;
			children = (
				FC403126C1C618E612D71064 /* Pods-QYSwiftTest.debug.xcconfig */,
				98B1BDF714DDFAB1B3FF1BE8 /* Pods-QYSwiftTest.release.xcconfig */,
			);
			name = Pods;
			sourceTree = "<group>";
		};
		E59EF2E3C8AC217D1BC2722A /* Frameworks */ = {
			isa = PBXGroup;
			children = (
				6F09B327213E730C00DABF82 /* CoreSpotlight.framework */,
				023A54479794D12B40D142E3 /* Pods_QYSwiftTest.framework */,
			);
			name = Frameworks;
			sourceTree = "<group>";
		};
/* End PBXGroup section */

/* Begin PBXNativeTarget section */
		6FBF77141F39938800EF1EC2 /* QYSwiftTest */ = {
			isa = PBXNativeTarget;
			buildConfigurationList = 6FBF773D1F39938800EF1EC2 /* Build configuration list for PBXNativeTarget "QYSwiftTest" */;
			buildPhases = (
				BF160B597A5CF70B4F2934C8 /* [CP] Check Pods Manifest.lock */,
				6FBF77111F39938800EF1EC2 /* Sources */,
				6FBF77121F39938800EF1EC2 /* Frameworks */,
				6FBF77131F39938800EF1EC2 /* Resources */,
				F22BBB854602F0AE9B9E9D0B /* [CP] Embed Pods Frameworks */,
				FEFBDC6B995C1B867E6C45BE /* [CP] Copy Pods Resources */,
			);
			buildRules = (
			);
			dependencies = (
			);
			name = QYSwiftTest;
			productName = QYSwiftTest;
			productReference = 6FBF77151F39938800EF1EC2 /* QYSwiftTest.app */;
			productType = "com.apple.product-type.application";
		};
		6FBF77281F39938800EF1EC2 /* QYSwiftTestTests */ = {
			isa = PBXNativeTarget;
			buildConfigurationList = 6FBF77401F39938800EF1EC2 /* Build configuration list for PBXNativeTarget "QYSwiftTestTests" */;
			buildPhases = (
				6FBF77251F39938800EF1EC2 /* Sources */,
				6FBF77261F39938800EF1EC2 /* Frameworks */,
				6FBF77271F39938800EF1EC2 /* Resources */,
			);
			buildRules = (
			);
			dependencies = (
				6FBF772B1F39938800EF1EC2 /* PBXTargetDependency */,
			);
			name = QYSwiftTestTests;
			productName = QYSwiftTestTests;
			productReference = 6FBF77291F39938800EF1EC2 /* QYSwiftTestTests.xctest */;
			productType = "com.apple.product-type.bundle.unit-test";
		};
		6FBF77331F39938800EF1EC2 /* QYSwiftTestUITests */ = {
			isa = PBXNativeTarget;
			buildConfigurationList = 6FBF77431F39938800EF1EC2 /* Build configuration list for PBXNativeTarget "QYSwiftTestUITests" */;
			buildPhases = (
				6FBF77301F39938800EF1EC2 /* Sources */,
				6FBF77311F39938800EF1EC2 /* Frameworks */,
				6FBF77321F39938800EF1EC2 /* Resources */,
			);
			buildRules = (
			);
			dependencies = (
				6FBF77361F39938800EF1EC2 /* PBXTargetDependency */,
			);
			name = QYSwiftTestUITests;
			productName = QYSwiftTestUITests;
			productReference = 6FBF77341F39938800EF1EC2 /* QYSwiftTestUITests.xctest */;
			productType = "com.apple.product-type.bundle.ui-testing";
		};
/* End PBXNativeTarget section */

/* Begin PBXProject section */
		6FBF770D1F39938800EF1EC2 /* Project object */ = {
			isa = PBXProject;
			attributes = {
				LastSwiftUpdateCheck = 0820;
				LastUpgradeCheck = 0820;
				ORGANIZATIONNAME = HuangDong;
				TargetAttributes = {
					6FBF77141F39938800EF1EC2 = {
						CreatedOnToolsVersion = 8.2;
						DevelopmentTeam = WQD3WTCE79;
						ProvisioningStyle = Automatic;
					};
					6FBF77281F39938800EF1EC2 = {
						CreatedOnToolsVersion = 8.2;
						ProvisioningStyle = Automatic;
						TestTargetID = 6FBF77141F39938800EF1EC2;
					};
					6FBF77331F39938800EF1EC2 = {
						CreatedOnToolsVersion = 8.2;
						ProvisioningStyle = Automatic;
						TestTargetID = 6FBF77141F39938800EF1EC2;
					};
				};
			};
			buildConfigurationList = 6FBF77101F39938800EF1EC2 /* Build configuration list for PBXProject "QYSwiftTest" */;
			compatibilityVersion = "Xcode 3.2";
			developmentRegion = English;
			hasScannedForEncodings = 0;
			knownRegions = (
				en,
				Base,
			);
			mainGroup = 6FBF770C1F39938800EF1EC2;
			productRefGroup = 6FBF77161F39938800EF1EC2 /* Products */;
			projectDirPath = "";
			projectRoot = "";
			targets = (
				6FBF77141F39938800EF1EC2 /* QYSwiftTest */,
				6FBF77281F39938800EF1EC2 /* QYSwiftTestTests */,
				6FBF77331F39938800EF1EC2 /* QYSwiftTestUITests */,
			);
		};
/* End PBXProject section */

/* Begin PBXResourcesBuildPhase section */
		6FBF77131F39938800EF1EC2 /* Resources */ = {
			isa = PBXResourcesBuildPhase;
			buildActionMask = 2147483647;
			files = (
				6FBF77231F39938800EF1EC2 /* LaunchScreen.storyboard in Resources */,
				6FBF77201F39938800EF1EC2 /* Assets.xcassets in Resources */,
				6FBF771E1F39938800EF1EC2 /* Main.storyboard in Resources */,
			);
			runOnlyForDeploymentPostprocessing = 0;
		};
		6FBF77271F39938800EF1EC2 /* Resources */ = {
			isa = PBXResourcesBuildPhase;
			buildActionMask = 2147483647;
			files = (
			);
			runOnlyForDeploymentPostprocessing = 0;
		};
		6FBF77321F39938800EF1EC2 /* Resources */ = {
			isa = PBXResourcesBuildPhase;
			buildActionMask = 2147483647;
			files = (
			);
			runOnlyForDeploymentPostprocessing = 0;
		};
/* End PBXResourcesBuildPhase section */

/* Begin PBXShellScriptBuildPhase section */
		BF160B597A5CF70B4F2934C8 /* [CP] Check Pods Manifest.lock */ = {
			isa = PBXShellScriptBuildPhase;
			buildActionMask = 2147483647;
			files = (
			);
			inputPaths = (
				"${PODS_PODFILE_DIR_PATH}/Podfile.lock",
				"${PODS_ROOT}/Manifest.lock",
			);
			name = "[CP] Check Pods Manifest.lock";
			outputPaths = (
				"$(DERIVED_FILE_DIR)/Pods-QYSwiftTest-checkManifestLockResult.txt",
			);
			runOnlyForDeploymentPostprocessing = 0;
			shellPath = /bin/sh;
			shellScript = "diff \"${PODS_PODFILE_DIR_PATH}/Podfile.lock\" \"${PODS_ROOT}/Manifest.lock\" > /dev/null\nif [ $? != 0 ] ; then\n    # print error to STDERR\n    echo \"error: The sandbox is not in sync with the Podfile.lock. Run 'pod install' or update your CocoaPods installation.\" >&2\n    exit 1\nfi\n# This output is used by Xcode 'outputs' to avoid re-running this script phase.\necho \"SUCCESS\" > \"${SCRIPT_OUTPUT_FILE_0}\"\n";
			showEnvVarsInLog = 0;
		};
		F22BBB854602F0AE9B9E9D0B /* [CP] Embed Pods Frameworks */ = {
			isa = PBXShellScriptBuildPhase;
			buildActionMask = 2147483647;
			files = (
			);
			inputPaths = (
				"${SRCROOT}/Pods/Target Support Files/Pods-QYSwiftTest/Pods-QYSwiftTest-frameworks.sh",
				"${BUILT_PRODUCTS_DIR}/RxCocoa/RxCocoa.framework",
				"${BUILT_PRODUCTS_DIR}/RxSwift/RxSwift.framework",
				"${BUILT_PRODUCTS_DIR}/SnapKit/SnapKit.framework",
			);
			name = "[CP] Embed Pods Frameworks";
			outputPaths = (
				"${TARGET_BUILD_DIR}/${FRAMEWORKS_FOLDER_PATH}/RxCocoa.framework",
				"${TARGET_BUILD_DIR}/${FRAMEWORKS_FOLDER_PATH}/RxSwift.framework",
				"${TARGET_BUILD_DIR}/${FRAMEWORKS_FOLDER_PATH}/SnapKit.framework",
			);
			runOnlyForDeploymentPostprocessing = 0;
			shellPath = /bin/sh;
			shellScript = "\"${SRCROOT}/Pods/Target Support Files/Pods-QYSwiftTest/Pods-QYSwiftTest-frameworks.sh\"\n";
			showEnvVarsInLog = 0;
		};
		FEFBDC6B995C1B867E6C45BE /* [CP] Copy Pods Resources */ = {
			isa = PBXShellScriptBuildPhase;
			buildActionMask = 2147483647;
			files = (
			);
			inputPaths = (
			);
			name = "[CP] Copy Pods Resources";
			outputPaths = (
			);
			runOnlyForDeploymentPostprocessing = 0;
			shellPath = /bin/sh;
			shellScript = "\"${SRCROOT}/Pods/Target Support Files/Pods-QYSwiftTest/Pods-QYSwiftTest-resources.sh\"\n";
			showEnvVarsInLog = 0;
		};
/* End PBXShellScriptBuildPhase section */

/* Begin PBXSourcesBuildPhase section */
		6FBF77111F39938800EF1EC2 /* Sources */ = {
			isa = PBXSourcesBuildPhase;
			buildActionMask = 2147483647;
			files = (
				6FB8CA3B213011E900115933 /* HDWYSegmentViewController.swift in Sources */,
				6F0B99F420907F9700EF8E53 /* HDAlgorithmViewController.swift in Sources */,
				6FBF771B1F39938800EF1EC2 /* ViewController.swift in Sources */,
				6FBF77191F39938800EF1EC2 /* AppDelegate.swift in Sources */,
				6F79D9142126762900D5194C /* HDWYViewController.swift in Sources */,
				6F88FB701F3D3D3000600C87 /* CALayerStudy.swift in Sources */,
				6F4AE2DD2111C19A000A537A /* HDRxTestViewController.swift in Sources */,
				6F19C1CD213FA92B002C8762 /* HDLeetCodeViewController.swift in Sources */,
				6F32E1FB20FDC2B70028D21A /* HDBaseTestViewController.swift in Sources */,
			);
			runOnlyForDeploymentPostprocessing = 0;
		};
		6FBF77251F39938800EF1EC2 /* Sources */ = {
			isa = PBXSourcesBuildPhase;
			buildActionMask = 2147483647;
			files = (
				6FBF772E1F39938800EF1EC2 /* QYSwiftTestTests.swift in Sources */,
			);
			runOnlyForDeploymentPostprocessing = 0;
		};
		6FBF77301F39938800EF1EC2 /* Sources */ = {
			isa = PBXSourcesBuildPhase;
			buildActionMask = 2147483647;
			files = (
				6FBF77391F39938800EF1EC2 /* QYSwiftTestUITests.swift in Sources */,
			);
			runOnlyForDeploymentPostprocessing = 0;
		};
/* End PBXSourcesBuildPhase section */

/* Begin PBXTargetDependency section */
		6FBF772B1F39938800EF1EC2 /* PBXTargetDependency */ = {
			isa = PBXTargetDependency;
			target = 6FBF77141F39938800EF1EC2 /* QYSwiftTest */;
			targetProxy = 6FBF772A1F39938800EF1EC2 /* PBXContainerItemProxy */;
		};
		6FBF77361F39938800EF1EC2 /* PBXTargetDependency */ = {
			isa = PBXTargetDependency;
			target = 6FBF77141F39938800EF1EC2 /* QYSwiftTest */;
			targetProxy = 6FBF77351F39938800EF1EC2 /* PBXContainerItemProxy */;
		};
/* End PBXTargetDependency section */

/* Begin PBXVariantGroup section */
		6FBF771C1F39938800EF1EC2 /* Main.storyboard */ = {
			isa = PBXVariantGroup;
			children = (
				6FBF771D1F39938800EF1EC2 /* Base */,
			);
			name = Main.storyboard;
			sourceTree = "<group>";
		};
		6FBF77211F39938800EF1EC2 /* LaunchScreen.storyboard */ = {
			isa = PBXVariantGroup;
			children = (
				6FBF77221F39938800EF1EC2 /* Base */,
			);
			name = LaunchScreen.storyboard;
			sourceTree = "<group>";
		};
/* End PBXVariantGroup section */

/* Begin XCBuildConfiguration section */
		6FBF773B1F39938800EF1EC2 /* Debug */ = {
			isa = XCBuildConfiguration;
			buildSettings = {
				ALWAYS_SEARCH_USER_PATHS = NO;
				CLANG_ANALYZER_NONNULL = YES;
				CLANG_CXX_LANGUAGE_STANDARD = "gnu++0x";
				CLANG_CXX_LIBRARY = "libc++";
				CLANG_ENABLE_MODULES = YES;
				CLANG_ENABLE_OBJC_ARC = YES;
				CLANG_WARN_BOOL_CONVERSION = YES;
				CLANG_WARN_CONSTANT_CONVERSION = YES;
				CLANG_WARN_DIRECT_OBJC_ISA_USAGE = YES_ERROR;
				CLANG_WARN_DOCUMENTATION_COMMENTS = YES;
				CLANG_WARN_EMPTY_BODY = YES;
				CLANG_WARN_ENUM_CONVERSION = YES;
				CLANG_WARN_INFINITE_RECURSION = YES;
				CLANG_WARN_INT_CONVERSION = YES;
				CLANG_WARN_OBJC_ROOT_CLASS = YES_ERROR;
				CLANG_WARN_SUSPICIOUS_MOVE = YES;
				CLANG_WARN_UNREACHABLE_CODE = YES;
				CLANG_WARN__DUPLICATE_METHOD_MATCH = YES;
				"CODE_SIGN_IDENTITY[sdk=iphoneos*]" = "iPhone Developer";
				COPY_PHASE_STRIP = NO;
				DEBUG_INFORMATION_FORMAT = dwarf;
				ENABLE_STRICT_OBJC_MSGSEND = YES;
				ENABLE_TESTABILITY = YES;
				GCC_C_LANGUAGE_STANDARD = gnu99;
				GCC_DYNAMIC_NO_PIC = NO;
				GCC_NO_COMMON_BLOCKS = YES;
				GCC_OPTIMIZATION_LEVEL = 0;
				GCC_PREPROCESSOR_DEFINITIONS = (
					"DEBUG=1",
					"$(inherited)",
				);
				GCC_WARN_64_TO_32_BIT_CONVERSION = YES;
				GCC_WARN_ABOUT_RETURN_TYPE = YES_ERROR;
				GCC_WARN_UNDECLARED_SELECTOR = YES;
				GCC_WARN_UNINITIALIZED_AUTOS = YES_AGGRESSIVE;
				GCC_WARN_UNUSED_FUNCTION = YES;
				GCC_WARN_UNUSED_VARIABLE = YES;
				IPHONEOS_DEPLOYMENT_TARGET = 10.2;
				MTL_ENABLE_DEBUG_INFO = YES;
				ONLY_ACTIVE_ARCH = YES;
				SDKROOT = iphoneos;
				SWIFT_ACTIVE_COMPILATION_CONDITIONS = DEBUG;
				SWIFT_OPTIMIZATION_LEVEL = "-Onone";
				TARGETED_DEVICE_FAMILY = "1,2";
			};
			name = Debug;
		};
		6FBF773C1F39938800EF1EC2 /* Release */ = {
			isa = XCBuildConfiguration;
			buildSettings = {
				ALWAYS_SEARCH_USER_PATHS = NO;
				CLANG_ANALYZER_NONNULL = YES;
				CLANG_CXX_LANGUAGE_STANDARD = "gnu++0x";
				CLANG_CXX_LIBRARY = "libc++";
				CLANG_ENABLE_MODULES = YES;
				CLANG_ENABLE_OBJC_ARC = YES;
				CLANG_WARN_BOOL_CONVERSION = YES;
				CLANG_WARN_CONSTANT_CONVERSION = YES;
				CLANG_WARN_DIRECT_OBJC_ISA_USAGE = YES_ERROR;
				CLANG_WARN_DOCUMENTATION_COMMENTS = YES;
				CLANG_WARN_EMPTY_BODY = YES;
				CLANG_WARN_ENUM_CONVERSION = YES;
				CLANG_WARN_INFINITE_RECURSION = YES;
				CLANG_WARN_INT_CONVERSION = YES;
				CLANG_WARN_OBJC_ROOT_CLASS = YES_ERROR;
				CLANG_WARN_SUSPICIOUS_MOVE = YES;
				CLANG_WARN_UNREACHABLE_CODE = YES;
				CLANG_WARN__DUPLICATE_METHOD_MATCH = YES;
				"CODE_SIGN_IDENTITY[sdk=iphoneos*]" = "iPhone Developer";
				COPY_PHASE_STRIP = NO;
				DEBUG_INFORMATION_FORMAT = "dwarf-with-dsym";
				ENABLE_NS_ASSERTIONS = NO;
				ENABLE_STRICT_OBJC_MSGSEND = YES;
				GCC_C_LANGUAGE_STANDARD = gnu99;
				GCC_NO_COMMON_BLOCKS = YES;
				GCC_WARN_64_TO_32_BIT_CONVERSION = YES;
				GCC_WARN_ABOUT_RETURN_TYPE = YES_ERROR;
				GCC_WARN_UNDECLARED_SELECTOR = YES;
				GCC_WARN_UNINITIALIZED_AUTOS = YES_AGGRESSIVE;
				GCC_WARN_UNUSED_FUNCTION = YES;
				GCC_WARN_UNUSED_VARIABLE = YES;
				IPHONEOS_DEPLOYMENT_TARGET = 10.2;
				MTL_ENABLE_DEBUG_INFO = NO;
				SDKROOT = iphoneos;
				SWIFT_OPTIMIZATION_LEVEL = "-Owholemodule";
				TARGETED_DEVICE_FAMILY = "1,2";
				VALIDATE_PRODUCT = YES;
			};
			name = Release;
		};
		6FBF773E1F39938800EF1EC2 /* Debug */ = {
			isa = XCBuildConfiguration;
			baseConfigurationReference = FC403126C1C618E612D71064 /* Pods-QYSwiftTest.debug.xcconfig */;
			buildSettings = {
				ASSETCATALOG_COMPILER_APPICON_NAME = AppIcon;
				DEVELOPMENT_TEAM = WQD3WTCE79;
				INFOPLIST_FILE = QYSwiftTest/Info.plist;
				LD_RUNPATH_SEARCH_PATHS = "$(inherited) @executable_path/Frameworks";
				PRODUCT_BUNDLE_IDENTIFIER = "com.dong.QYSwiftTest-";
				PRODUCT_NAME = "$(TARGET_NAME)";
				SWIFT_VERSION = 3.0;
			};
			name = Debug;
		};
		6FBF773F1F39938800EF1EC2 /* Release */ = {
			isa = XCBuildConfiguration;
			baseConfigurationReference = 98B1BDF714DDFAB1B3FF1BE8 /* Pods-QYSwiftTest.release.xcconfig */;
			buildSettings = {
				ASSETCATALOG_COMPILER_APPICON_NAME = AppIcon;
				DEVELOPMENT_TEAM = WQD3WTCE79;
				INFOPLIST_FILE = QYSwiftTest/Info.plist;
				LD_RUNPATH_SEARCH_PATHS = "$(inherited) @executable_path/Frameworks";
				PRODUCT_BUNDLE_IDENTIFIER = "com.dong.QYSwiftTest-";
				PRODUCT_NAME = "$(TARGET_NAME)";
				SWIFT_VERSION = 3.0;
			};
			name = Release;
		};
		6FBF77411F39938800EF1EC2 /* Debug */ = {
			isa = XCBuildConfiguration;
			buildSettings = {
				ALWAYS_EMBED_SWIFT_STANDARD_LIBRARIES = YES;
				BUNDLE_LOADER = "$(TEST_HOST)";
				INFOPLIST_FILE = QYSwiftTestTests/Info.plist;
				LD_RUNPATH_SEARCH_PATHS = "$(inherited) @executable_path/Frameworks @loader_path/Frameworks";
				PRODUCT_BUNDLE_IDENTIFIER = com.dong.QYSwiftTestTests;
				PRODUCT_NAME = "$(TARGET_NAME)";
				SWIFT_VERSION = 3.0;
				TEST_HOST = "$(BUILT_PRODUCTS_DIR)/QYSwiftTest.app/QYSwiftTest";
			};
			name = Debug;
		};
		6FBF77421F39938800EF1EC2 /* Release */ = {
			isa = XCBuildConfiguration;
			buildSettings = {
				ALWAYS_EMBED_SWIFT_STANDARD_LIBRARIES = YES;
				BUNDLE_LOADER = "$(TEST_HOST)";
				INFOPLIST_FILE = QYSwiftTestTests/Info.plist;
				LD_RUNPATH_SEARCH_PATHS = "$(inherited) @executable_path/Frameworks @loader_path/Frameworks";
				PRODUCT_BUNDLE_IDENTIFIER = com.dong.QYSwiftTestTests;
				PRODUCT_NAME = "$(TARGET_NAME)";
				SWIFT_VERSION = 3.0;
				TEST_HOST = "$(BUILT_PRODUCTS_DIR)/QYSwiftTest.app/QYSwiftTest";
			};
			name = Release;
		};
		6FBF77441F39938800EF1EC2 /* Debug */ = {
			isa = XCBuildConfiguration;
			buildSettings = {
				ALWAYS_EMBED_SWIFT_STANDARD_LIBRARIES = YES;
				INFOPLIST_FILE = QYSwiftTestUITests/Info.plist;
				LD_RUNPATH_SEARCH_PATHS = "$(inherited) @executable_path/Frameworks @loader_path/Frameworks";
				PRODUCT_BUNDLE_IDENTIFIER = com.dong.QYSwiftTestUITests;
				PRODUCT_NAME = "$(TARGET_NAME)";
				SWIFT_VERSION = 3.0;
				TEST_TARGET_NAME = QYSwiftTest;
			};
			name = Debug;
		};
		6FBF77451F39938800EF1EC2 /* Release */ = {
			isa = XCBuildConfiguration;
			buildSettings = {
				ALWAYS_EMBED_SWIFT_STANDARD_LIBRARIES = YES;
				INFOPLIST_FILE = QYSwiftTestUITests/Info.plist;
				LD_RUNPATH_SEARCH_PATHS = "$(inherited) @executable_path/Frameworks @loader_path/Frameworks";
				PRODUCT_BUNDLE_IDENTIFIER = com.dong.QYSwiftTestUITests;
				PRODUCT_NAME = "$(TARGET_NAME)";
				SWIFT_VERSION = 3.0;
				TEST_TARGET_NAME = QYSwiftTest;
			};
			name = Release;
		};
/* End XCBuildConfiguration section */

/* Begin XCConfigurationList section */
		6FBF77101F39938800EF1EC2 /* Build configuration list for PBXProject "QYSwiftTest" */ = {
			isa = XCConfigurationList;
			buildConfigurations = (
				6FBF773B1F39938800EF1EC2 /* Debug */,
				6FBF773C1F39938800EF1EC2 /* Release */,
			);
			defaultConfigurationIsVisible = 0;
			defaultConfigurationName = Release;
		};
		6FBF773D1F39938800EF1EC2 /* Build configuration list for PBXNativeTarget "QYSwiftTest" */ = {
			isa = XCConfigurationList;
			buildConfigurations = (
				6FBF773E1F39938800EF1EC2 /* Debug */,
				6FBF773F1F39938800EF1EC2 /* Release */,
			);
			defaultConfigurationIsVisible = 0;
			defaultConfigurationName = Release;
		};
		6FBF77401F39938800EF1EC2 /* Build configuration list for PBXNativeTarget "QYSwiftTestTests" */ = {
			isa = XCConfigurationList;
			buildConfigurations = (
				6FBF77411F39938800EF1EC2 /* Debug */,
				6FBF77421F39938800EF1EC2 /* Release */,
			);
			defaultConfigurationIsVisible = 0;
			defaultConfigurationName = Release;
		};
		6FBF77431F39938800EF1EC2 /* Build configuration list for PBXNativeTarget "QYSwiftTestUITests" */ = {
			isa = XCConfigurationList;
			buildConfigurations = (
				6FBF77441F39938800EF1EC2 /* Debug */,
				6FBF77451F39938800EF1EC2 /* Release */,
			);
			defaultConfigurationIsVisible = 0;
			defaultConfigurationName = Release;
		};
/* End XCConfigurationList section */
	};
	rootObject = 6FBF770D1F39938800EF1EC2 /* Project object */;
}
